
Microsoft Visual Studio Solution File, Format Version 12.00
# Visual Studio Version 16
VisualStudioVersion = 16.6.30114.105
MinimumVisualStudioVersion = 10.0.40219.1
Project("{2150E333-8FDC-42A3-9474-1A3956D46DE8}") = "src", "src", "{DEFC4FDB-756D-4C39-996D-5682BFCC625D}"
EndProject
Project("{F2A71F9B-5D33-465A-A702-920D77279786}") = "MiloneShared", "src\MiloneShared\MiloneShared.fsproj", "{E1C76480-D4EF-4E6F-9A95-F26D82197F26}"
EndProject
Project("{F2A71F9B-5D33-465A-A702-920D77279786}") = "MiloneSyntax", "src\MiloneSyntax\MiloneSyntax.fsproj", "{F8FD063F-D0B8-4A20-95E5-1B6E32324F51}"
EndProject
Project("{F2A71F9B-5D33-465A-A702-920D77279786}") = "MiloneTranslation", "src\MiloneTranslation\MiloneTranslation.fsproj", "{4206C6B1-BF2F-4CFC-8050-63CEEE11540A}"
EndProject
Project("{F2A71F9B-5D33-465A-A702-920D77279786}") = "MiloneCli", "src\MiloneCli\MiloneCli.fsproj", "{E3BFC676-023F-4025-BE22-20320FCEE7DA}"
EndProject
Project("{F2A71F9B-5D33-465A-A702-920D77279786}") = "MiloneLspServer", "src\MiloneLspServer\MiloneLspServer.fsproj", "{0B08FC9D-CEFB-4EB5-8BC5-878C55A1ABCE}"
EndProject
Project("{F2A71F9B-5D33-465A-A702-920D77279786}") = "MiloneSyntaxTypes", "src\MiloneSyntaxTypes\MiloneSyntaxTypes.fsproj", "{478051DD-F0DA-435B-BD5D-204C425AA669}"
EndProject
Project("{F2A71F9B-5D33-465A-A702-920D77279786}") = "MiloneTranslationTypes", "src\MiloneTranslationTypes\MiloneTranslationTypes.fsproj", "{131FD35F-26F9-4C14-9711-CE3685CE1B1C}"
EndProject
Project("{F2A71F9B-5D33-465A-A702-920D77279786}") = "MiloneCliCore", "src\MiloneCliCore\MiloneCliCore.fsproj", "{F6CE537A-0736-411A-AACD-FEA6B92609A6}"
EndProject
Project("{F2A71F9B-5D33-465A-A702-920D77279786}") = "JsonEncode", "src\JsonEncode\JsonEncode.fsproj", "{EBF6EF7D-5A7E-430A-A383-FF5E0DC82290}"
EndProject
Project("{F2A71F9B-5D33-465A-A702-920D77279786}") = "MyBuildTool", "src\MyBuildTool\MyBuildTool.fsproj", "{839E6A5D-BC2B-4894-946A-BD57C5EFE833}"
EndProject
Project("{F2A71F9B-5D33-465A-A702-920D77279786}") = "MiloneCore", "src\MiloneCore\MiloneCore.fsproj", "{3C86BAFD-5A80-4775-8693-357011B45B32}"
EndProject
Project("{F2A71F9B-5D33-465A-A702-920D77279786}") = "Std", "src\Std\Std.fsproj", "{791FBE7A-E66E-48A3-8DB5-1F2691BC37A6}"
EndProject
Global
	GlobalSection(SolutionConfigurationPlatforms) = preSolution
		Debug|Any CPU = Debug|Any CPU
		Debug|x64 = Debug|x64
		Debug|x86 = Debug|x86
		Release|Any CPU = Release|Any CPU
		Release|x64 = Release|x64
		Release|x86 = Release|x86
	EndGlobalSection
	GlobalSection(SolutionProperties) = preSolution
		HideSolutionNode = FALSE
	EndGlobalSection
	GlobalSection(ProjectConfigurationPlatforms) = postSolution
		{E1C76480-D4EF-4E6F-9A95-F26D82197F26}.Debug|Any CPU.ActiveCfg = Debug|Any CPU
		{E1C76480-D4EF-4E6F-9A95-F26D82197F26}.Debug|Any CPU.Build.0 = Debug|Any CPU
		{E1C76480-D4EF-4E6F-9A95-F26D82197F26}.Debug|x64.ActiveCfg = Debug|Any CPU
		{E1C76480-D4EF-4E6F-9A95-F26D82197F26}.Debug|x64.Build.0 = Debug|Any CPU
		{E1C76480-D4EF-4E6F-9A95-F26D82197F26}.Debug|x86.ActiveCfg = Debug|Any CPU
		{E1C76480-D4EF-4E6F-9A95-F26D82197F26}.Debug|x86.Build.0 = Debug|Any CPU
		{E1C76480-D4EF-4E6F-9A95-F26D82197F26}.Release|Any CPU.ActiveCfg = Release|Any CPU
		{E1C76480-D4EF-4E6F-9A95-F26D82197F26}.Release|Any CPU.Build.0 = Release|Any CPU
		{E1C76480-D4EF-4E6F-9A95-F26D82197F26}.Release|x64.ActiveCfg = Release|Any CPU
		{E1C76480-D4EF-4E6F-9A95-F26D82197F26}.Release|x64.Build.0 = Release|Any CPU
		{E1C76480-D4EF-4E6F-9A95-F26D82197F26}.Release|x86.ActiveCfg = Release|Any CPU
		{E1C76480-D4EF-4E6F-9A95-F26D82197F26}.Release|x86.Build.0 = Release|Any CPU
		{F8FD063F-D0B8-4A20-95E5-1B6E32324F51}.Debug|Any CPU.ActiveCfg = Debug|Any CPU
		{F8FD063F-D0B8-4A20-95E5-1B6E32324F51}.Debug|Any CPU.Build.0 = Debug|Any CPU
		{F8FD063F-D0B8-4A20-95E5-1B6E32324F51}.Debug|x64.ActiveCfg = Debug|Any CPU
		{F8FD063F-D0B8-4A20-95E5-1B6E32324F51}.Debug|x64.Build.0 = Debug|Any CPU
		{F8FD063F-D0B8-4A20-95E5-1B6E32324F51}.Debug|x86.ActiveCfg = Debug|Any CPU
		{F8FD063F-D0B8-4A20-95E5-1B6E32324F51}.Debug|x86.Build.0 = Debug|Any CPU
		{F8FD063F-D0B8-4A20-95E5-1B6E32324F51}.Release|Any CPU.ActiveCfg = Release|Any CPU
		{F8FD063F-D0B8-4A20-95E5-1B6E32324F51}.Release|Any CPU.Build.0 = Release|Any CPU
		{F8FD063F-D0B8-4A20-95E5-1B6E32324F51}.Release|x64.ActiveCfg = Release|Any CPU
		{F8FD063F-D0B8-4A20-95E5-1B6E32324F51}.Release|x64.Build.0 = Release|Any CPU
		{F8FD063F-D0B8-4A20-95E5-1B6E32324F51}.Release|x86.ActiveCfg = Release|Any CPU
		{F8FD063F-D0B8-4A20-95E5-1B6E32324F51}.Release|x86.Build.0 = Release|Any CPU
		{4206C6B1-BF2F-4CFC-8050-63CEEE11540A}.Debug|Any CPU.ActiveCfg = Debug|Any CPU
		{4206C6B1-BF2F-4CFC-8050-63CEEE11540A}.Debug|Any CPU.Build.0 = Debug|Any CPU
		{4206C6B1-BF2F-4CFC-8050-63CEEE11540A}.Debug|x64.ActiveCfg = Debug|Any CPU
		{4206C6B1-BF2F-4CFC-8050-63CEEE11540A}.Debug|x64.Build.0 = Debug|Any CPU
		{4206C6B1-BF2F-4CFC-8050-63CEEE11540A}.Debug|x86.ActiveCfg = Debug|Any CPU
		{4206C6B1-BF2F-4CFC-8050-63CEEE11540A}.Debug|x86.Build.0 = Debug|Any CPU
		{4206C6B1-BF2F-4CFC-8050-63CEEE11540A}.Release|Any CPU.ActiveCfg = Release|Any CPU
		{4206C6B1-BF2F-4CFC-8050-63CEEE11540A}.Release|Any CPU.Build.0 = Release|Any CPU
		{4206C6B1-BF2F-4CFC-8050-63CEEE11540A}.Release|x64.ActiveCfg = Release|Any CPU
		{4206C6B1-BF2F-4CFC-8050-63CEEE11540A}.Release|x64.Build.0 = Release|Any CPU
		{4206C6B1-BF2F-4CFC-8050-63CEEE11540A}.Release|x86.ActiveCfg = Release|Any CPU
		{4206C6B1-BF2F-4CFC-8050-63CEEE11540A}.Release|x86.Build.0 = Release|Any CPU
		{E3BFC676-023F-4025-BE22-20320FCEE7DA}.Debug|Any CPU.ActiveCfg = Debug|Any CPU
		{E3BFC676-023F-4025-BE22-20320FCEE7DA}.Debug|Any CPU.Build.0 = Debug|Any CPU
		{E3BFC676-023F-4025-BE22-20320FCEE7DA}.Debug|x64.ActiveCfg = Debug|Any CPU
		{E3BFC676-023F-4025-BE22-20320FCEE7DA}.Debug|x64.Build.0 = Debug|Any CPU
		{E3BFC676-023F-4025-BE22-20320FCEE7DA}.Debug|x86.ActiveCfg = Debug|Any CPU
		{E3BFC676-023F-4025-BE22-20320FCEE7DA}.Debug|x86.Build.0 = Debug|Any CPU
		{E3BFC676-023F-4025-BE22-20320FCEE7DA}.Release|Any CPU.ActiveCfg = Release|Any CPU
		{E3BFC676-023F-4025-BE22-20320FCEE7DA}.Release|Any CPU.Build.0 = Release|Any CPU
		{E3BFC676-023F-4025-BE22-20320FCEE7DA}.Release|x64.ActiveCfg = Release|Any CPU
		{E3BFC676-023F-4025-BE22-20320FCEE7DA}.Release|x64.Build.0 = Release|Any CPU
		{E3BFC676-023F-4025-BE22-20320FCEE7DA}.Release|x86.ActiveCfg = Release|Any CPU
		{E3BFC676-023F-4025-BE22-20320FCEE7DA}.Release|x86.Build.0 = Release|Any CPU
		{0B08FC9D-CEFB-4EB5-8BC5-878C55A1ABCE}.Debug|Any CPU.ActiveCfg = Debug|Any CPU
		{0B08FC9D-CEFB-4EB5-8BC5-878C55A1ABCE}.Debug|Any CPU.Build.0 = Debug|Any CPU
		{0B08FC9D-CEFB-4EB5-8BC5-878C55A1ABCE}.Debug|x64.ActiveCfg = Debug|Any CPU
		{0B08FC9D-CEFB-4EB5-8BC5-878C55A1ABCE}.Debug|x64.Build.0 = Debug|Any CPU
		{0B08FC9D-CEFB-4EB5-8BC5-878C55A1ABCE}.Debug|x86.ActiveCfg = Debug|Any CPU
		{0B08FC9D-CEFB-4EB5-8BC5-878C55A1ABCE}.Debug|x86.Build.0 = Debug|Any CPU
		{0B08FC9D-CEFB-4EB5-8BC5-878C55A1ABCE}.Release|Any CPU.ActiveCfg = Release|Any CPU
		{0B08FC9D-CEFB-4EB5-8BC5-878C55A1ABCE}.Release|Any CPU.Build.0 = Release|Any CPU
		{0B08FC9D-CEFB-4EB5-8BC5-878C55A1ABCE}.Release|x64.ActiveCfg = Release|Any CPU
		{0B08FC9D-CEFB-4EB5-8BC5-878C55A1ABCE}.Release|x64.Build.0 = Release|Any CPU
		{0B08FC9D-CEFB-4EB5-8BC5-878C55A1ABCE}.Release|x86.ActiveCfg = Release|Any CPU
		{0B08FC9D-CEFB-4EB5-8BC5-878C55A1ABCE}.Release|x86.Build.0 = Release|Any CPU
		{478051DD-F0DA-435B-BD5D-204C425AA669}.Debug|Any CPU.ActiveCfg = Debug|Any CPU
		{478051DD-F0DA-435B-BD5D-204C425AA669}.Debug|Any CPU.Build.0 = Debug|Any CPU
		{478051DD-F0DA-435B-BD5D-204C425AA669}.Debug|x64.ActiveCfg = Debug|Any CPU
		{478051DD-F0DA-435B-BD5D-204C425AA669}.Debug|x64.Build.0 = Debug|Any CPU
		{478051DD-F0DA-435B-BD5D-204C425AA669}.Debug|x86.ActiveCfg = Debug|Any CPU
		{478051DD-F0DA-435B-BD5D-204C425AA669}.Debug|x86.Build.0 = Debug|Any CPU
		{478051DD-F0DA-435B-BD5D-204C425AA669}.Release|Any CPU.ActiveCfg = Release|Any CPU
		{478051DD-F0DA-435B-BD5D-204C425AA669}.Release|Any CPU.Build.0 = Release|Any CPU
		{478051DD-F0DA-435B-BD5D-204C425AA669}.Release|x64.ActiveCfg = Release|Any CPU
		{478051DD-F0DA-435B-BD5D-204C425AA669}.Release|x64.Build.0 = Release|Any CPU
		{478051DD-F0DA-435B-BD5D-204C425AA669}.Release|x86.ActiveCfg = Release|Any CPU
		{478051DD-F0DA-435B-BD5D-204C425AA669}.Release|x86.Build.0 = Release|Any CPU
		{131FD35F-26F9-4C14-9711-CE3685CE1B1C}.Debug|Any CPU.ActiveCfg = Debug|Any CPU
		{131FD35F-26F9-4C14-9711-CE3685CE1B1C}.Debug|Any CPU.Build.0 = Debug|Any CPU
		{131FD35F-26F9-4C14-9711-CE3685CE1B1C}.Debug|x64.ActiveCfg = Debug|Any CPU
		{131FD35F-26F9-4C14-9711-CE3685CE1B1C}.Debug|x64.Build.0 = Debug|Any CPU
		{131FD35F-26F9-4C14-9711-CE3685CE1B1C}.Debug|x86.ActiveCfg = Debug|Any CPU
		{131FD35F-26F9-4C14-9711-CE3685CE1B1C}.Debug|x86.Build.0 = Debug|Any CPU
		{131FD35F-26F9-4C14-9711-CE3685CE1B1C}.Release|Any CPU.ActiveCfg = Release|Any CPU
		{131FD35F-26F9-4C14-9711-CE3685CE1B1C}.Release|Any CPU.Build.0 = Release|Any CPU
		{131FD35F-26F9-4C14-9711-CE3685CE1B1C}.Release|x64.ActiveCfg = Release|Any CPU
		{131FD35F-26F9-4C14-9711-CE3685CE1B1C}.Release|x64.Build.0 = Release|Any CPU
		{131FD35F-26F9-4C14-9711-CE3685CE1B1C}.Release|x86.ActiveCfg = Release|Any CPU
		{131FD35F-26F9-4C14-9711-CE3685CE1B1C}.Release|x86.Build.0 = Release|Any CPU
		{F6CE537A-0736-411A-AACD-FEA6B92609A6}.Debug|Any CPU.ActiveCfg = Debug|Any CPU
		{F6CE537A-0736-411A-AACD-FEA6B92609A6}.Debug|Any CPU.Build.0 = Debug|Any CPU
		{F6CE537A-0736-411A-AACD-FEA6B92609A6}.Debug|x64.ActiveCfg = Debug|Any CPU
		{F6CE537A-0736-411A-AACD-FEA6B92609A6}.Debug|x64.Build.0 = Debug|Any CPU
		{F6CE537A-0736-411A-AACD-FEA6B92609A6}.Debug|x86.ActiveCfg = Debug|Any CPU
		{F6CE537A-0736-411A-AACD-FEA6B92609A6}.Debug|x86.Build.0 = Debug|Any CPU
		{F6CE537A-0736-411A-AACD-FEA6B92609A6}.Release|Any CPU.ActiveCfg = Release|Any CPU
		{F6CE537A-0736-411A-AACD-FEA6B92609A6}.Release|Any CPU.Build.0 = Release|Any CPU
		{F6CE537A-0736-411A-AACD-FEA6B92609A6}.Release|x64.ActiveCfg = Release|Any CPU
		{F6CE537A-0736-411A-AACD-FEA6B92609A6}.Release|x64.Build.0 = Release|Any CPU
		{F6CE537A-0736-411A-AACD-FEA6B92609A6}.Release|x86.ActiveCfg = Release|Any CPU
		{F6CE537A-0736-411A-AACD-FEA6B92609A6}.Release|x86.Build.0 = Release|Any CPU
		{EBF6EF7D-5A7E-430A-A383-FF5E0DC82290}.Debug|Any CPU.ActiveCfg = Debug|Any CPU
		{EBF6EF7D-5A7E-430A-A383-FF5E0DC82290}.Debug|Any CPU.Build.0 = Debug|Any CPU
		{EBF6EF7D-5A7E-430A-A383-FF5E0DC82290}.Debug|x64.ActiveCfg = Debug|Any CPU
		{EBF6EF7D-5A7E-430A-A383-FF5E0DC82290}.Debug|x64.Build.0 = Debug|Any CPU
		{EBF6EF7D-5A7E-430A-A383-FF5E0DC82290}.Debug|x86.ActiveCfg = Debug|Any CPU
		{EBF6EF7D-5A7E-430A-A383-FF5E0DC82290}.Debug|x86.Build.0 = Debug|Any CPU
		{EBF6EF7D-5A7E-430A-A383-FF5E0DC82290}.Release|Any CPU.ActiveCfg = Release|Any CPU
		{EBF6EF7D-5A7E-430A-A383-FF5E0DC82290}.Release|Any CPU.Build.0 = Release|Any CPU
		{EBF6EF7D-5A7E-430A-A383-FF5E0DC82290}.Release|x64.ActiveCfg = Release|Any CPU
		{EBF6EF7D-5A7E-430A-A383-FF5E0DC82290}.Release|x64.Build.0 = Release|Any CPU
		{EBF6EF7D-5A7E-430A-A383-FF5E0DC82290}.Release|x86.ActiveCfg = Release|Any CPU
		{EBF6EF7D-5A7E-430A-A383-FF5E0DC82290}.Release|x86.Build.0 = Release|Any CPU
		{839E6A5D-BC2B-4894-946A-BD57C5EFE833}.Debug|Any CPU.ActiveCfg = Debug|Any CPU
		{839E6A5D-BC2B-4894-946A-BD57C5EFE833}.Debug|Any CPU.Build.0 = Debug|Any CPU
		{839E6A5D-BC2B-4894-946A-BD57C5EFE833}.Debug|x64.ActiveCfg = Debug|Any CPU
		{839E6A5D-BC2B-4894-946A-BD57C5EFE833}.Debug|x64.Build.0 = Debug|Any CPU
		{839E6A5D-BC2B-4894-946A-BD57C5EFE833}.Debug|x86.ActiveCfg = Debug|Any CPU
		{839E6A5D-BC2B-4894-946A-BD57C5EFE833}.Debug|x86.Build.0 = Debug|Any CPU
		{839E6A5D-BC2B-4894-946A-BD57C5EFE833}.Release|Any CPU.ActiveCfg = Release|Any CPU
		{839E6A5D-BC2B-4894-946A-BD57C5EFE833}.Release|Any CPU.Build.0 = Release|Any CPU
		{839E6A5D-BC2B-4894-946A-BD57C5EFE833}.Release|x64.ActiveCfg = Release|Any CPU
		{839E6A5D-BC2B-4894-946A-BD57C5EFE833}.Release|x64.Build.0 = Release|Any CPU
		{839E6A5D-BC2B-4894-946A-BD57C5EFE833}.Release|x86.ActiveCfg = Release|Any CPU
		{839E6A5D-BC2B-4894-946A-BD57C5EFE833}.Release|x86.Build.0 = Release|Any CPU
		{3C86BAFD-5A80-4775-8693-357011B45B32}.Debug|Any CPU.ActiveCfg = Debug|Any CPU
		{3C86BAFD-5A80-4775-8693-357011B45B32}.Debug|Any CPU.Build.0 = Debug|Any CPU
		{3C86BAFD-5A80-4775-8693-357011B45B32}.Debug|x64.ActiveCfg = Debug|Any CPU
		{3C86BAFD-5A80-4775-8693-357011B45B32}.Debug|x64.Build.0 = Debug|Any CPU
		{3C86BAFD-5A80-4775-8693-357011B45B32}.Debug|x86.ActiveCfg = Debug|Any CPU
		{3C86BAFD-5A80-4775-8693-357011B45B32}.Debug|x86.Build.0 = Debug|Any CPU
		{3C86BAFD-5A80-4775-8693-357011B45B32}.Release|Any CPU.ActiveCfg = Release|Any CPU
		{3C86BAFD-5A80-4775-8693-357011B45B32}.Release|Any CPU.Build.0 = Release|Any CPU
		{3C86BAFD-5A80-4775-8693-357011B45B32}.Release|x64.ActiveCfg = Release|Any CPU
		{3C86BAFD-5A80-4775-8693-357011B45B32}.Release|x64.Build.0 = Release|Any CPU
		{3C86BAFD-5A80-4775-8693-357011B45B32}.Release|x86.ActiveCfg = Release|Any CPU
		{3C86BAFD-5A80-4775-8693-357011B45B32}.Release|x86.Build.0 = Release|Any CPU
		{791FBE7A-E66E-48A3-8DB5-1F2691BC37A6}.Debug|Any CPU.ActiveCfg = Debug|Any CPU
		{791FBE7A-E66E-48A3-8DB5-1F2691BC37A6}.Debug|Any CPU.Build.0 = Debug|Any CPU
		{791FBE7A-E66E-48A3-8DB5-1F2691BC37A6}.Debug|x64.ActiveCfg = Debug|Any CPU
		{791FBE7A-E66E-48A3-8DB5-1F2691BC37A6}.Debug|x64.Build.0 = Debug|Any CPU
		{791FBE7A-E66E-48A3-8DB5-1F2691BC37A6}.Debug|x86.ActiveCfg = Debug|Any CPU
		{791FBE7A-E66E-48A3-8DB5-1F2691BC37A6}.Debug|x86.Build.0 = Debug|Any CPU
		{791FBE7A-E66E-48A3-8DB5-1F2691BC37A6}.Release|Any CPU.ActiveCfg = Release|Any CPU
		{791FBE7A-E66E-48A3-8DB5-1F2691BC37A6}.Release|Any CPU.Build.0 = Release|Any CPU
		{791FBE7A-E66E-48A3-8DB5-1F2691BC37A6}.Release|x64.ActiveCfg = Release|Any CPU
		{791FBE7A-E66E-48A3-8DB5-1F2691BC37A6}.Release|x64.Build.0 = Release|Any CPU
		{791FBE7A-E66E-48A3-8DB5-1F2691BC37A6}.Release|x86.ActiveCfg = Release|Any CPU
		{791FBE7A-E66E-48A3-8DB5-1F2691BC37A6}.Release|x86.Build.0 = Release|Any CPU
	EndGlobalSection
	GlobalSection(NestedProjects) = preSolution
		{E1C76480-D4EF-4E6F-9A95-F26D82197F26} = {DEFC4FDB-756D-4C39-996D-5682BFCC625D}
		{F8FD063F-D0B8-4A20-95E5-1B6E32324F51} = {DEFC4FDB-756D-4C39-996D-5682BFCC625D}
		{4206C6B1-BF2F-4CFC-8050-63CEEE11540A} = {DEFC4FDB-756D-4C39-996D-5682BFCC625D}
		{E3BFC676-023F-4025-BE22-20320FCEE7DA} = {DEFC4FDB-756D-4C39-996D-5682BFCC625D}
		{0B08FC9D-CEFB-4EB5-8BC5-878C55A1ABCE} = {DEFC4FDB-756D-4C39-996D-5682BFCC625D}
		{478051DD-F0DA-435B-BD5D-204C425AA669} = {DEFC4FDB-756D-4C39-996D-5682BFCC625D}
		{131FD35F-26F9-4C14-9711-CE3685CE1B1C} = {DEFC4FDB-756D-4C39-996D-5682BFCC625D}
		{F6CE537A-0736-411A-AACD-FEA6B92609A6} = {DEFC4FDB-756D-4C39-996D-5682BFCC625D}
		{EBF6EF7D-5A7E-430A-A383-FF5E0DC82290} = {DEFC4FDB-756D-4C39-996D-5682BFCC625D}
		{839E6A5D-BC2B-4894-946A-BD57C5EFE833} = {DEFC4FDB-756D-4C39-996D-5682BFCC625D}
		{3C86BAFD-5A80-4775-8693-357011B45B32} = {DEFC4FDB-756D-4C39-996D-5682BFCC625D}
		{791FBE7A-E66E-48A3-8DB5-1F2691BC37A6} = {DEFC4FDB-756D-4C39-996D-5682BFCC625D}
	EndGlobalSection
EndGlobal
